// !$*UTF8*$!
{
	archiveVersion = 1;
	classes = {
	};
	objectVersion = 46;
	objects = {

/* Begin PBXBuildFile section */
		525025461D801E2A0074E6B5 /* Requests.swift in Sources */ = {isa = PBXBuildFile; fileRef = 525025451D801E2A0074E6B5 /* Requests.swift */; };
		525A8AA81D7D4023002C6F46 /* AppDelegate.swift in Sources */ = {isa = PBXBuildFile; fileRef = 525A8AA71D7D4023002C6F46 /* AppDelegate.swift */; };
		525A8AAA1D7D4023002C6F46 /* LoginController.swift in Sources */ = {isa = PBXBuildFile; fileRef = 525A8AA91D7D4023002C6F46 /* LoginController.swift */; };
		525A8AAD1D7D4023002C6F46 /* Main.storyboard in Resources */ = {isa = PBXBuildFile; fileRef = 525A8AAB1D7D4023002C6F46 /* Main.storyboard */; };
		525A8AAF1D7D4023002C6F46 /* Assets.xcassets in Resources */ = {isa = PBXBuildFile; fileRef = 525A8AAE1D7D4023002C6F46 /* Assets.xcassets */; };
		525A8AB21D7D4023002C6F46 /* LaunchScreen.storyboard in Resources */ = {isa = PBXBuildFile; fileRef = 525A8AB01D7D4023002C6F46 /* LaunchScreen.storyboard */; };
		52A3C2C91D8F212E00C31F3F /* UserService.swift in Sources */ = {isa = PBXBuildFile; fileRef = 52A3C2C81D8F212E00C31F3F /* UserService.swift */; };
		52A3C2CB1D8F32FF00C31F3F /* EventModel.swift in Sources */ = {isa = PBXBuildFile; fileRef = 52A3C2CA1D8F32FF00C31F3F /* EventModel.swift */; };
		52A3C2CD1D8F330D00C31F3F /* EventViewModel.swift in Sources */ = {isa = PBXBuildFile; fileRef = 52A3C2CC1D8F330D00C31F3F /* EventViewModel.swift */; };
		52A3C2CF1D8F8B4000C31F3F /* NavigationCoordinator.swift in Sources */ = {isa = PBXBuildFile; fileRef = 52A3C2CE1D8F8B4000C31F3F /* NavigationCoordinator.swift */; };
		52A3C2D11D8F8FA000C31F3F /* SignInViewModel.swift in Sources */ = {isa = PBXBuildFile; fileRef = 52A3C2D01D8F8FA000C31F3F /* SignInViewModel.swift */; };
		52A3C2D31D8FB13D00C31F3F /* FeedViewModel.swift in Sources */ = {isa = PBXBuildFile; fileRef = 52A3C2D21D8FB13D00C31F3F /* FeedViewModel.swift */; };
		52A3C2D51D8FB1E400C31F3F /* FeedViewController.swift in Sources */ = {isa = PBXBuildFile; fileRef = 52A3C2D41D8FB1E400C31F3F /* FeedViewController.swift */; };
		52DD590E1D807E5D007E19E9 /* UtilsUI.swift in Sources */ = {isa = PBXBuildFile; fileRef = 52DD590D1D807E5D007E19E9 /* UtilsUI.swift */; };
		52DD59101D812105007E19E9 /* UtilsCode.swift in Sources */ = {isa = PBXBuildFile; fileRef = 52DD590F1D812105007E19E9 /* UtilsCode.swift */; };
		B4FBF1DC1D7FBDB400C0E08B /* UILabel+SubstituteFont.swift in Sources */ = {isa = PBXBuildFile; fileRef = B4FBF1DB1D7FBDB400C0E08B /* UILabel+SubstituteFont.swift */; };
		B4FBF1E01D7FD7CB00C0E08B /* SignUpController.swift in Sources */ = {isa = PBXBuildFile; fileRef = B4FBF1DF1D7FD7CB00C0E08B /* SignUpController.swift */; };
		B4FBF1FE1D80150100C0E08B /* SF-UI-Display-Black.otf in Resources */ = {isa = PBXBuildFile; fileRef = B4FBF1F51D80150100C0E08B /* SF-UI-Display-Black.otf */; };
		B4FBF1FF1D80150100C0E08B /* SF-UI-Display-Bold.otf in Resources */ = {isa = PBXBuildFile; fileRef = B4FBF1F61D80150100C0E08B /* SF-UI-Display-Bold.otf */; };
		B4FBF2001D80150100C0E08B /* SF-UI-Display-Heavy.otf in Resources */ = {isa = PBXBuildFile; fileRef = B4FBF1F71D80150100C0E08B /* SF-UI-Display-Heavy.otf */; };
		B4FBF2011D80150100C0E08B /* SF-UI-Display-Light.otf in Resources */ = {isa = PBXBuildFile; fileRef = B4FBF1F81D80150100C0E08B /* SF-UI-Display-Light.otf */; };
		B4FBF2021D80150100C0E08B /* SF-UI-Display-Medium.otf in Resources */ = {isa = PBXBuildFile; fileRef = B4FBF1F91D80150100C0E08B /* SF-UI-Display-Medium.otf */; };
		B4FBF2031D80150100C0E08B /* SF-UI-Display-Regular.otf in Resources */ = {isa = PBXBuildFile; fileRef = B4FBF1FA1D80150100C0E08B /* SF-UI-Display-Regular.otf */; };
		B4FBF2041D80150100C0E08B /* SF-UI-Display-Semibold.otf in Resources */ = {isa = PBXBuildFile; fileRef = B4FBF1FB1D80150100C0E08B /* SF-UI-Display-Semibold.otf */; };
		B4FBF2051D80150100C0E08B /* SF-UI-Display-Thin.otf in Resources */ = {isa = PBXBuildFile; fileRef = B4FBF1FC1D80150100C0E08B /* SF-UI-Display-Thin.otf */; };
		B4FBF2061D80150100C0E08B /* SF-UI-Display-Ultralight.otf in Resources */ = {isa = PBXBuildFile; fileRef = B4FBF1FD1D80150100C0E08B /* SF-UI-Display-Ultralight.otf */; };
		EA904B86E06E4B888483A2AC /* Pods_Happ.framework in Frameworks */ = {isa = PBXBuildFile; fileRef = F09CD227B477C346B2B17BC2 /* Pods_Happ.framework */; };
/* End PBXBuildFile section */

/* Begin PBXFileReference section */
		525025451D801E2A0074E6B5 /* Requests.swift */ = {isa = PBXFileReference; fileEncoding = 4; lastKnownFileType = sourcecode.swift; path = Requests.swift; sourceTree = "<group>"; };
		525A8AA41D7D4023002C6F46 /* Happ.app */ = {isa = PBXFileReference; explicitFileType = wrapper.application; includeInIndex = 0; path = Happ.app; sourceTree = BUILT_PRODUCTS_DIR; };
		525A8AA71D7D4023002C6F46 /* AppDelegate.swift */ = {isa = PBXFileReference; lastKnownFileType = sourcecode.swift; path = AppDelegate.swift; sourceTree = "<group>"; };
		525A8AA91D7D4023002C6F46 /* LoginController.swift */ = {isa = PBXFileReference; lastKnownFileType = sourcecode.swift; path = LoginController.swift; sourceTree = "<group>"; };
		525A8AAC1D7D4023002C6F46 /* Base */ = {isa = PBXFileReference; lastKnownFileType = file.storyboard; name = Base; path = Base.lproj/Main.storyboard; sourceTree = "<group>"; };
		525A8AAE1D7D4023002C6F46 /* Assets.xcassets */ = {isa = PBXFileReference; lastKnownFileType = folder.assetcatalog; path = Assets.xcassets; sourceTree = "<group>"; };
		525A8AB11D7D4023002C6F46 /* Base */ = {isa = PBXFileReference; lastKnownFileType = file.storyboard; name = Base; path = Base.lproj/LaunchScreen.storyboard; sourceTree = "<group>"; };
		525A8AB31D7D4023002C6F46 /* Info.plist */ = {isa = PBXFileReference; lastKnownFileType = text.plist.xml; path = Info.plist; sourceTree = "<group>"; };
		52A3C2C81D8F212E00C31F3F /* UserService.swift */ = {isa = PBXFileReference; fileEncoding = 4; lastKnownFileType = sourcecode.swift; path = UserService.swift; sourceTree = "<group>"; };
		52A3C2CA1D8F32FF00C31F3F /* EventModel.swift */ = {isa = PBXFileReference; fileEncoding = 4; lastKnownFileType = sourcecode.swift; path = EventModel.swift; sourceTree = "<group>"; };
		52A3C2CC1D8F330D00C31F3F /* EventViewModel.swift */ = {isa = PBXFileReference; fileEncoding = 4; lastKnownFileType = sourcecode.swift; path = EventViewModel.swift; sourceTree = "<group>"; };
		52A3C2CE1D8F8B4000C31F3F /* NavigationCoordinator.swift */ = {isa = PBXFileReference; fileEncoding = 4; lastKnownFileType = sourcecode.swift; path = NavigationCoordinator.swift; sourceTree = "<group>"; };
		52A3C2D01D8F8FA000C31F3F /* SignInViewModel.swift */ = {isa = PBXFileReference; fileEncoding = 4; lastKnownFileType = sourcecode.swift; path = SignInViewModel.swift; sourceTree = "<group>"; };
		52A3C2D21D8FB13D00C31F3F /* FeedViewModel.swift */ = {isa = PBXFileReference; fileEncoding = 4; lastKnownFileType = sourcecode.swift; path = FeedViewModel.swift; sourceTree = "<group>"; };
		52A3C2D41D8FB1E400C31F3F /* FeedViewController.swift */ = {isa = PBXFileReference; fileEncoding = 4; lastKnownFileType = sourcecode.swift; path = FeedViewController.swift; sourceTree = "<group>"; };
		52DD590D1D807E5D007E19E9 /* UtilsUI.swift */ = {isa = PBXFileReference; fileEncoding = 4; lastKnownFileType = sourcecode.swift; path = UtilsUI.swift; sourceTree = "<group>"; };
		52DD590F1D812105007E19E9 /* UtilsCode.swift */ = {isa = PBXFileReference; fileEncoding = 4; lastKnownFileType = sourcecode.swift; path = UtilsCode.swift; sourceTree = "<group>"; };
		9C495CB03E150F798D310510 /* Pods-Happ.release.xcconfig */ = {isa = PBXFileReference; includeInIndex = 1; lastKnownFileType = text.xcconfig; name = "Pods-Happ.release.xcconfig"; path = "Pods/Target Support Files/Pods-Happ/Pods-Happ.release.xcconfig"; sourceTree = "<group>"; };
		B4FBF1DB1D7FBDB400C0E08B /* UILabel+SubstituteFont.swift */ = {isa = PBXFileReference; fileEncoding = 4; lastKnownFileType = sourcecode.swift; path = "UILabel+SubstituteFont.swift"; sourceTree = "<group>"; };
		B4FBF1DF1D7FD7CB00C0E08B /* SignUpController.swift */ = {isa = PBXFileReference; fileEncoding = 4; lastKnownFileType = sourcecode.swift; path = SignUpController.swift; sourceTree = "<group>"; };
		B4FBF1F51D80150100C0E08B /* SF-UI-Display-Black.otf */ = {isa = PBXFileReference; lastKnownFileType = file; name = "SF-UI-Display-Black.otf"; path = "Happ/Resources/SF-UI-Display-Black.otf"; sourceTree = "<group>"; };
		B4FBF1F61D80150100C0E08B /* SF-UI-Display-Bold.otf */ = {isa = PBXFileReference; lastKnownFileType = file; name = "SF-UI-Display-Bold.otf"; path = "Happ/Resources/SF-UI-Display-Bold.otf"; sourceTree = "<group>"; };
		B4FBF1F71D80150100C0E08B /* SF-UI-Display-Heavy.otf */ = {isa = PBXFileReference; lastKnownFileType = file; name = "SF-UI-Display-Heavy.otf"; path = "Happ/Resources/SF-UI-Display-Heavy.otf"; sourceTree = "<group>"; };
		B4FBF1F81D80150100C0E08B /* SF-UI-Display-Light.otf */ = {isa = PBXFileReference; lastKnownFileType = file; name = "SF-UI-Display-Light.otf"; path = "Happ/Resources/SF-UI-Display-Light.otf"; sourceTree = "<group>"; };
		B4FBF1F91D80150100C0E08B /* SF-UI-Display-Medium.otf */ = {isa = PBXFileReference; lastKnownFileType = file; name = "SF-UI-Display-Medium.otf"; path = "Happ/Resources/SF-UI-Display-Medium.otf"; sourceTree = "<group>"; };
		B4FBF1FA1D80150100C0E08B /* SF-UI-Display-Regular.otf */ = {isa = PBXFileReference; lastKnownFileType = file; name = "SF-UI-Display-Regular.otf"; path = "Happ/Resources/SF-UI-Display-Regular.otf"; sourceTree = "<group>"; };
		B4FBF1FB1D80150100C0E08B /* SF-UI-Display-Semibold.otf */ = {isa = PBXFileReference; lastKnownFileType = file; name = "SF-UI-Display-Semibold.otf"; path = "Happ/Resources/SF-UI-Display-Semibold.otf"; sourceTree = "<group>"; };
		B4FBF1FC1D80150100C0E08B /* SF-UI-Display-Thin.otf */ = {isa = PBXFileReference; lastKnownFileType = file; name = "SF-UI-Display-Thin.otf"; path = "Happ/Resources/SF-UI-Display-Thin.otf"; sourceTree = "<group>"; };
		B4FBF1FD1D80150100C0E08B /* SF-UI-Display-Ultralight.otf */ = {isa = PBXFileReference; lastKnownFileType = file; name = "SF-UI-Display-Ultralight.otf"; path = "Happ/Resources/SF-UI-Display-Ultralight.otf"; sourceTree = "<group>"; };
		E07E2D02365C57873BD4BAD9 /* Pods-Happ.debug.xcconfig */ = {isa = PBXFileReference; includeInIndex = 1; lastKnownFileType = text.xcconfig; name = "Pods-Happ.debug.xcconfig"; path = "Pods/Target Support Files/Pods-Happ/Pods-Happ.debug.xcconfig"; sourceTree = "<group>"; };
		F09CD227B477C346B2B17BC2 /* Pods_Happ.framework */ = {isa = PBXFileReference; explicitFileType = wrapper.framework; includeInIndex = 0; path = Pods_Happ.framework; sourceTree = BUILT_PRODUCTS_DIR; };
/* End PBXFileReference section */

/* Begin PBXFrameworksBuildPhase section */
		525A8AA11D7D4023002C6F46 /* Frameworks */ = {
			isa = PBXFrameworksBuildPhase;
			buildActionMask = 2147483647;
			files = (
				EA904B86E06E4B888483A2AC /* Pods_Happ.framework in Frameworks */,
			);
			runOnlyForDeploymentPostprocessing = 0;
		};
/* End PBXFrameworksBuildPhase section */

/* Begin PBXGroup section */
		03F87955DE275FEADA27D681 /* Frameworks */ = {
			isa = PBXGroup;
			children = (
				F09CD227B477C346B2B17BC2 /* Pods_Happ.framework */,
			);
			name = Frameworks;
			sourceTree = "<group>";
		};
		3B288F55FE6BC365F41DC971 /* Pods */ = {
			isa = PBXGroup;
			children = (
				E07E2D02365C57873BD4BAD9 /* Pods-Happ.debug.xcconfig */,
				9C495CB03E150F798D310510 /* Pods-Happ.release.xcconfig */,
			);
			name = Pods;
			sourceTree = "<group>";
		};
		525025441D801DA40074E6B5 /* Helpers */ = {
			isa = PBXGroup;
			children = (
				525025451D801E2A0074E6B5 /* Requests.swift */,
				52DD590D1D807E5D007E19E9 /* UtilsUI.swift */,
				52DD590F1D812105007E19E9 /* UtilsCode.swift */,
			);
			name = Helpers;
			sourceTree = "<group>";
		};
		525A8A9B1D7D4023002C6F46 = {
			isa = PBXGroup;
			children = (
				525A8AA61D7D4023002C6F46 /* Happ */,
				B4FBF1A71D7ED87900C0E08B /* Resources */,
				525A8AA51D7D4023002C6F46 /* Products */,
				3B288F55FE6BC365F41DC971 /* Pods */,
				03F87955DE275FEADA27D681 /* Frameworks */,
			);
			sourceTree = "<group>";
		};
		525A8AA51D7D4023002C6F46 /* Products */ = {
			isa = PBXGroup;
			children = (
				525A8AA41D7D4023002C6F46 /* Happ.app */,
			);
			name = Products;
			sourceTree = "<group>";
		};
		525A8AA61D7D4023002C6F46 /* Happ */ = {
			isa = PBXGroup;
			children = (
				525025441D801DA40074E6B5 /* Helpers */,
				52A3C2C71D8F20EB00C31F3F /* Services */,
				52A3C2C61D8F20C600C31F3F /* Model */,
				52A3C2C51D8F20BF00C31F3F /* ViewModel */,
				52A3C2C41D8F20B500C31F3F /* View */,
				525A8AAB1D7D4023002C6F46 /* Main.storyboard */,
				52A3C2CE1D8F8B4000C31F3F /* NavigationCoordinator.swift */,
				525A8AB91D7E87B4002C6F46 /* Supporting Files */,
				B4FBF1D81D7FBD5C00C0E08B /* Extensions */,
			);
			path = Happ;
			sourceTree = "<group>";
		};
		525A8AB91D7E87B4002C6F46 /* Supporting Files */ = {
			isa = PBXGroup;
			children = (
				525A8AA71D7D4023002C6F46 /* AppDelegate.swift */,
				525A8AAE1D7D4023002C6F46 /* Assets.xcassets */,
				525A8AB01D7D4023002C6F46 /* LaunchScreen.storyboard */,
				525A8AB31D7D4023002C6F46 /* Info.plist */,
			);
			name = "Supporting Files";
			sourceTree = "<group>";
		};
		525A8ABA1D7E87CE002C6F46 /* Controllers */ = {
			isa = PBXGroup;
			children = (
				525A8AA91D7D4023002C6F46 /* LoginController.swift */,
				B4FBF1DF1D7FD7CB00C0E08B /* SignUpController.swift */,
				52A3C2D41D8FB1E400C31F3F /* FeedViewController.swift */,
			);
			name = Controllers;
			sourceTree = "<group>";
		};
		525A8ABB1D7E87D4002C6F46 /* Views */ = {
			isa = PBXGroup;
			children = (
			);
			name = Views;
			sourceTree = "<group>";
		};
		52A3C2C41D8F20B500C31F3F /* View */ = {
			isa = PBXGroup;
			children = (
				525A8ABB1D7E87D4002C6F46 /* Views */,
				525A8ABA1D7E87CE002C6F46 /* Controllers */,
			);
			name = View;
			sourceTree = "<group>";
		};
		52A3C2C51D8F20BF00C31F3F /* ViewModel */ = {
			isa = PBXGroup;
			children = (
				52A3C2D01D8F8FA000C31F3F /* SignInViewModel.swift */,
				52A3C2D21D8FB13D00C31F3F /* FeedViewModel.swift */,
				52A3C2CC1D8F330D00C31F3F /* EventViewModel.swift */,
			);
			name = ViewModel;
			sourceTree = "<group>";
		};
		52A3C2C61D8F20C600C31F3F /* Model */ = {
			isa = PBXGroup;
			children = (
				52A3C2CA1D8F32FF00C31F3F /* EventModel.swift */,
			);
			name = Model;
			sourceTree = "<group>";
		};
		52A3C2C71D8F20EB00C31F3F /* Services */ = {
			isa = PBXGroup;
			children = (
				52A3C2C81D8F212E00C31F3F /* UserService.swift */,
			);
			name = Services;
			sourceTree = "<group>";
		};
		B4FBF1A71D7ED87900C0E08B /* Resources */ = {
			isa = PBXGroup;
			children = (
				B4FBF1F51D80150100C0E08B /* SF-UI-Display-Black.otf */,
				B4FBF1F61D80150100C0E08B /* SF-UI-Display-Bold.otf */,
				B4FBF1F71D80150100C0E08B /* SF-UI-Display-Heavy.otf */,
				B4FBF1F81D80150100C0E08B /* SF-UI-Display-Light.otf */,
				B4FBF1F91D80150100C0E08B /* SF-UI-Display-Medium.otf */,
				B4FBF1FA1D80150100C0E08B /* SF-UI-Display-Regular.otf */,
				B4FBF1FB1D80150100C0E08B /* SF-UI-Display-Semibold.otf */,
				B4FBF1FC1D80150100C0E08B /* SF-UI-Display-Thin.otf */,
				B4FBF1FD1D80150100C0E08B /* SF-UI-Display-Ultralight.otf */,
			);
			name = Resources;
			sourceTree = "<group>";
		};
		B4FBF1D81D7FBD5C00C0E08B /* Extensions */ = {
			isa = PBXGroup;
			children = (
				B4FBF1DB1D7FBDB400C0E08B /* UILabel+SubstituteFont.swift */,
			);
			name = Extensions;
			sourceTree = "<group>";
		};
/* End PBXGroup section */

/* Begin PBXNativeTarget section */
		525A8AA31D7D4023002C6F46 /* Happ */ = {
			isa = PBXNativeTarget;
			buildConfigurationList = 525A8AB61D7D4023002C6F46 /* Build configuration list for PBXNativeTarget "Happ" */;
			buildPhases = (
				E4B51B99561F070FDB2A8E2C /* [CP] Check Pods Manifest.lock */,
				525A8AA01D7D4023002C6F46 /* Sources */,
				525A8AA11D7D4023002C6F46 /* Frameworks */,
				525A8AA21D7D4023002C6F46 /* Resources */,
				92ECE782AEB92BC1D28AE5CF /* [CP] Embed Pods Frameworks */,
				0A627518EBC79DCAB2C7A64D /* [CP] Copy Pods Resources */,
			);
			buildRules = (
			);
			dependencies = (
			);
			name = Happ;
			productName = Happ;
			productReference = 525A8AA41D7D4023002C6F46 /* Happ.app */;
			productType = "com.apple.product-type.application";
		};
/* End PBXNativeTarget section */

/* Begin PBXProject section */
		525A8A9C1D7D4023002C6F46 /* Project object */ = {
			isa = PBXProject;
			attributes = {
				LastSwiftUpdateCheck = 0730;
				LastUpgradeCheck = 0730;
				ORGANIZATIONNAME = "Sattar Stamkulov";
				TargetAttributes = {
					525A8AA31D7D4023002C6F46 = {
						CreatedOnToolsVersion = 7.3.1;
						LastSwiftMigration = 0800;
					};
				};
			};
			buildConfigurationList = 525A8A9F1D7D4023002C6F46 /* Build configuration list for PBXProject "Happ" */;
			compatibilityVersion = "Xcode 3.2";
			developmentRegion = English;
			hasScannedForEncodings = 0;
			knownRegions = (
				en,
				Base,
			);
			mainGroup = 525A8A9B1D7D4023002C6F46;
			productRefGroup = 525A8AA51D7D4023002C6F46 /* Products */;
			projectDirPath = "";
			projectRoot = "";
			targets = (
				525A8AA31D7D4023002C6F46 /* Happ */,
			);
		};
/* End PBXProject section */

/* Begin PBXResourcesBuildPhase section */
		525A8AA21D7D4023002C6F46 /* Resources */ = {
			isa = PBXResourcesBuildPhase;
			buildActionMask = 2147483647;
			files = (
				525A8AB21D7D4023002C6F46 /* LaunchScreen.storyboard in Resources */,
				B4FBF2001D80150100C0E08B /* SF-UI-Display-Heavy.otf in Resources */,
				B4FBF2041D80150100C0E08B /* SF-UI-Display-Semibold.otf in Resources */,
				B4FBF2031D80150100C0E08B /* SF-UI-Display-Regular.otf in Resources */,
				B4FBF2011D80150100C0E08B /* SF-UI-Display-Light.otf in Resources */,
				B4FBF1FF1D80150100C0E08B /* SF-UI-Display-Bold.otf in Resources */,
				B4FBF2021D80150100C0E08B /* SF-UI-Display-Medium.otf in Resources */,
				B4FBF2061D80150100C0E08B /* SF-UI-Display-Ultralight.otf in Resources */,
				525A8AAF1D7D4023002C6F46 /* Assets.xcassets in Resources */,
				525A8AAD1D7D4023002C6F46 /* Main.storyboard in Resources */,
				B4FBF2051D80150100C0E08B /* SF-UI-Display-Thin.otf in Resources */,
				B4FBF1FE1D80150100C0E08B /* SF-UI-Display-Black.otf in Resources */,
			);
			runOnlyForDeploymentPostprocessing = 0;
		};
/* End PBXResourcesBuildPhase section */

/* Begin PBXShellScriptBuildPhase section */
		0A627518EBC79DCAB2C7A64D /* [CP] Copy Pods Resources */ = {
			isa = PBXShellScriptBuildPhase;
			buildActionMask = 2147483647;
			files = (
			);
			inputPaths = (
			);
			name = "[CP] Copy Pods Resources";
			outputPaths = (
			);
			runOnlyForDeploymentPostprocessing = 0;
			shellPath = /bin/sh;
			shellScript = "\"${SRCROOT}/Pods/Target Support Files/Pods-Happ/Pods-Happ-resources.sh\"\n";
			showEnvVarsInLog = 0;
		};
		92ECE782AEB92BC1D28AE5CF /* [CP] Embed Pods Frameworks */ = {
			isa = PBXShellScriptBuildPhase;
			buildActionMask = 2147483647;
			files = (
			);
			inputPaths = (
			);
			name = "[CP] Embed Pods Frameworks";
			outputPaths = (
			);
			runOnlyForDeploymentPostprocessing = 0;
			shellPath = /bin/sh;
			shellScript = "\"${SRCROOT}/Pods/Target Support Files/Pods-Happ/Pods-Happ-frameworks.sh\"\n";
			showEnvVarsInLog = 0;
		};
		E4B51B99561F070FDB2A8E2C /* [CP] Check Pods Manifest.lock */ = {
			isa = PBXShellScriptBuildPhase;
			buildActionMask = 2147483647;
			files = (
			);
			inputPaths = (
			);
			name = "[CP] Check Pods Manifest.lock";
			outputPaths = (
			);
			runOnlyForDeploymentPostprocessing = 0;
			shellPath = /bin/sh;
			shellScript = "diff \"${PODS_ROOT}/../Podfile.lock\" \"${PODS_ROOT}/Manifest.lock\" > /dev/null\nif [[ $? != 0 ]] ; then\n    cat << EOM\nerror: The sandbox is not in sync with the Podfile.lock. Run 'pod install' or update your CocoaPods installation.\nEOM\n    exit 1\nfi\n";
			showEnvVarsInLog = 0;
		};
/* End PBXShellScriptBuildPhase section */

/* Begin PBXSourcesBuildPhase section */
		525A8AA01D7D4023002C6F46 /* Sources */ = {
			isa = PBXSourcesBuildPhase;
			buildActionMask = 2147483647;
			files = (
				525A8AAA1D7D4023002C6F46 /* LoginController.swift in Sources */,
				52A3C2CB1D8F32FF00C31F3F /* EventModel.swift in Sources */,
				525A8AA81D7D4023002C6F46 /* AppDelegate.swift in Sources */,
				B4FBF1DC1D7FBDB400C0E08B /* UILabel+SubstituteFont.swift in Sources */,
				52A3C2CF1D8F8B4000C31F3F /* NavigationCoordinator.swift in Sources */,
				52DD59101D812105007E19E9 /* UtilsCode.swift in Sources */,
				52A3C2D51D8FB1E400C31F3F /* FeedViewController.swift in Sources */,
				52DD590E1D807E5D007E19E9 /* UtilsUI.swift in Sources */,
				525025461D801E2A0074E6B5 /* Requests.swift in Sources */,
				52A3C2D11D8F8FA000C31F3F /* SignInViewModel.swift in Sources */,
				B4FBF1E01D7FD7CB00C0E08B /* SignUpController.swift in Sources */,
				52A3C2C91D8F212E00C31F3F /* UserService.swift in Sources */,
				52A3C2CD1D8F330D00C31F3F /* EventViewModel.swift in Sources */,
				52A3C2D31D8FB13D00C31F3F /* FeedViewModel.swift in Sources */,
			);
			runOnlyForDeploymentPostprocessing = 0;
		};
/* End PBXSourcesBuildPhase section */

/* Begin PBXVariantGroup section */
		525A8AAB1D7D4023002C6F46 /* Main.storyboard */ = {
			isa = PBXVariantGroup;
			children = (
				525A8AAC1D7D4023002C6F46 /* Base */,
			);
			name = Main.storyboard;
			sourceTree = "<group>";
		};
		525A8AB01D7D4023002C6F46 /* LaunchScreen.storyboard */ = {
			isa = PBXVariantGroup;
			children = (
				525A8AB11D7D4023002C6F46 /* Base */,
			);
			name = LaunchScreen.storyboard;
			sourceTree = "<group>";
		};
/* End PBXVariantGroup section */

/* Begin XCBuildConfiguration section */
		525A8AB41D7D4023002C6F46 /* Debug */ = {
			isa = XCBuildConfiguration;
			buildSettings = {
				ALWAYS_SEARCH_USER_PATHS = NO;
				CLANG_ANALYZER_NONNULL = YES;
				CLANG_CXX_LANGUAGE_STANDARD = "gnu++0x";
				CLANG_CXX_LIBRARY = "libc++";
				CLANG_ENABLE_MODULES = YES;
				CLANG_ENABLE_OBJC_ARC = YES;
				CLANG_WARN_BOOL_CONVERSION = YES;
				CLANG_WARN_CONSTANT_CONVERSION = YES;
				CLANG_WARN_DIRECT_OBJC_ISA_USAGE = YES_ERROR;
				CLANG_WARN_EMPTY_BODY = YES;
				CLANG_WARN_ENUM_CONVERSION = YES;
				CLANG_WARN_INT_CONVERSION = YES;
				CLANG_WARN_OBJC_ROOT_CLASS = YES_ERROR;
				CLANG_WARN_UNREACHABLE_CODE = YES;
				CLANG_WARN__DUPLICATE_METHOD_MATCH = YES;
				"CODE_SIGN_IDENTITY[sdk=iphoneos*]" = "iPhone Developer";
				COPY_PHASE_STRIP = NO;
				DEBUG_INFORMATION_FORMAT = dwarf;
				ENABLE_STRICT_OBJC_MSGSEND = YES;
				ENABLE_TESTABILITY = YES;
				GCC_C_LANGUAGE_STANDARD = gnu99;
				GCC_DYNAMIC_NO_PIC = NO;
				GCC_NO_COMMON_BLOCKS = YES;
				GCC_OPTIMIZATION_LEVEL = 0;
				GCC_PREPROCESSOR_DEFINITIONS = (
					"DEBUG=1",
					"$(inherited)",
				);
				GCC_WARN_64_TO_32_BIT_CONVERSION = YES;
				GCC_WARN_ABOUT_RETURN_TYPE = YES_ERROR;
				GCC_WARN_UNDECLARED_SELECTOR = YES;
				GCC_WARN_UNINITIALIZED_AUTOS = YES_AGGRESSIVE;
				GCC_WARN_UNUSED_FUNCTION = YES;
				GCC_WARN_UNUSED_VARIABLE = YES;
				IPHONEOS_DEPLOYMENT_TARGET = 9.3;
				MTL_ENABLE_DEBUG_INFO = YES;
				ONLY_ACTIVE_ARCH = YES;
				SDKROOT = iphoneos;
				SWIFT_OPTIMIZATION_LEVEL = "-Onone";
			};
			name = Debug;
		};
		525A8AB51D7D4023002C6F46 /* Release */ = {
			isa = XCBuildConfiguration;
			buildSettings = {
				ALWAYS_SEARCH_USER_PATHS = NO;
				CLANG_ANALYZER_NONNULL = YES;
				CLANG_CXX_LANGUAGE_STANDARD = "gnu++0x";
				CLANG_CXX_LIBRARY = "libc++";
				CLANG_ENABLE_MODULES = YES;
				CLANG_ENABLE_OBJC_ARC = YES;
				CLANG_WARN_BOOL_CONVERSION = YES;
				CLANG_WARN_CONSTANT_CONVERSION = YES;
				CLANG_WARN_DIRECT_OBJC_ISA_USAGE = YES_ERROR;
				CLANG_WARN_EMPTY_BODY = YES;
				CLANG_WARN_ENUM_CONVERSION = YES;
				CLANG_WARN_INT_CONVERSION = YES;
				CLANG_WARN_OBJC_ROOT_CLASS = YES_ERROR;
				CLANG_WARN_UNREACHABLE_CODE = YES;
				CLANG_WARN__DUPLICATE_METHOD_MATCH = YES;
				"CODE_SIGN_IDENTITY[sdk=iphoneos*]" = "iPhone Developer";
				COPY_PHASE_STRIP = NO;
				DEBUG_INFORMATION_FORMAT = "dwarf-with-dsym";
				ENABLE_NS_ASSERTIONS = NO;
				ENABLE_STRICT_OBJC_MSGSEND = YES;
				GCC_C_LANGUAGE_STANDARD = gnu99;
				GCC_NO_COMMON_BLOCKS = YES;
				GCC_WARN_64_TO_32_BIT_CONVERSION = YES;
				GCC_WARN_ABOUT_RETURN_TYPE = YES_ERROR;
				GCC_WARN_UNDECLARED_SELECTOR = YES;
				GCC_WARN_UNINITIALIZED_AUTOS = YES_AGGRESSIVE;
				GCC_WARN_UNUSED_FUNCTION = YES;
				GCC_WARN_UNUSED_VARIABLE = YES;
				IPHONEOS_DEPLOYMENT_TARGET = 9.3;
				MTL_ENABLE_DEBUG_INFO = NO;
				SDKROOT = iphoneos;
				VALIDATE_PRODUCT = YES;
			};
			name = Release;
		};
		525A8AB71D7D4023002C6F46 /* Debug */ = {
			isa = XCBuildConfiguration;
			baseConfigurationReference = E07E2D02365C57873BD4BAD9 /* Pods-Happ.debug.xcconfig */;
			buildSettings = {
				ASSETCATALOG_COMPILER_APPICON_NAME = AppIcon;
				INFOPLIST_FILE = Happ/Info.plist;
				IPHONEOS_DEPLOYMENT_TARGET = 8.0;
				LD_RUNPATH_SEARCH_PATHS = "$(inherited) @executable_path/Frameworks";
				PRODUCT_BUNDLE_IDENTIFIER = hack.team.Happ;
				PRODUCT_NAME = "$(TARGET_NAME)";
				SWIFT_VERSION = 2.3;
			};
			name = Debug;
		};
		525A8AB81D7D4023002C6F46 /* Release */ = {
			isa = XCBuildConfiguration;
			baseConfigurationReference = 9C495CB03E150F798D310510 /* Pods-Happ.release.xcconfig */;
			buildSettings = {
				ASSETCATALOG_COMPILER_APPICON_NAME = AppIcon;
				INFOPLIST_FILE = Happ/Info.plist;
				IPHONEOS_DEPLOYMENT_TARGET = 8.0;
				LD_RUNPATH_SEARCH_PATHS = "$(inherited) @executable_path/Frameworks";
				PRODUCT_BUNDLE_IDENTIFIER = hack.team.Happ;
				PRODUCT_NAME = "$(TARGET_NAME)";
				SWIFT_VERSION = 2.3;
			};
			name = Release;
		};
/* End XCBuildConfiguration section */

/* Begin XCConfigurationList section */
		525A8A9F1D7D4023002C6F46 /* Build configuration list for PBXProject "Happ" */ = {
			isa = XCConfigurationList;
			buildConfigurations = (
				525A8AB41D7D4023002C6F46 /* Debug */,
				525A8AB51D7D4023002C6F46 /* Release */,
			);
			defaultConfigurationIsVisible = 0;
			defaultConfigurationName = Release;
		};
		525A8AB61D7D4023002C6F46 /* Build configuration list for PBXNativeTarget "Happ" */ = {
			isa = XCConfigurationList;
			buildConfigurations = (
				525A8AB71D7D4023002C6F46 /* Debug */,
				525A8AB81D7D4023002C6F46 /* Release */,
			);
			defaultConfigurationIsVisible = 0;
			defaultConfigurationName = Release;
		};
/* End XCConfigurationList section */
	};
	rootObject = 525A8A9C1D7D4023002C6F46 /* Project object */;
}
